
Microsoft Visual Studio Solution File, Format Version 12.00
# Visual Studio 2015
Project("{FAE04EC0-301F-11D3-BF4B-00C04F79EFBC}") = "TowerDefence.CSharp", "TowerDefence.CSharp.csproj", "{F9D93AC0-8B84-22C9-A7B7-09978B132B87}"
EndProject
Project("{FAE04EC0-301F-11D3-BF4B-00C04F79EFBC}") = "TowerDefence.CSharp.Editor", "TowerDefence.CSharp.Editor.csproj", "{1C07AA05-CE7C-BA99-017D-C9C66DF27555}"
EndProject
Global
	GlobalSection(SolutionConfigurationPlatforms) = preSolution
		Debug|Any CPU = Debug|Any CPU
		Release|Any CPU = Release|Any CPU
	EndGlobalSection
	GlobalSection(ProjectConfigurationPlatforms) = postSolution
		{F9D93AC0-8B84-22C9-A7B7-09978B132B87}.Debug|Any CPU.ActiveCfg = Debug|Any CPU
		{F9D93AC0-8B84-22C9-A7B7-09978B132B87}.Debug|Any CPU.Build.0 = Debug|Any CPU
		{F9D93AC0-8B84-22C9-A7B7-09978B132B87}.Release|Any CPU.ActiveCfg = Release|Any CPU
		{F9D93AC0-8B84-22C9-A7B7-09978B132B87}.Release|Any CPU.Build.0 = Release|Any CPU
		{1C07AA05-CE7C-BA99-017D-C9C66DF27555}.Debug|Any CPU.ActiveCfg = Debug|Any CPU
		{1C07AA05-CE7C-BA99-017D-C9C66DF27555}.Debug|Any CPU.Build.0 = Debug|Any CPU
		{1C07AA05-CE7C-BA99-017D-C9C66DF27555}.Release|Any CPU.ActiveCfg = Release|Any CPU
		{1C07AA05-CE7C-BA99-017D-C9C66DF27555}.Release|Any CPU.Build.0 = Release|Any CPU
	EndGlobalSection
	GlobalSection(SolutionProperties) = preSolution
		HideSolutionNode = FALSE
	EndGlobalSection
EndGlobal
